
Microsoft Visual Studio Solution File, Format Version 12.00
# Visual Studio Version 16
VisualStudioVersion = 16.0.31205.134
MinimumVisualStudioVersion = 10.0.40219.1
Project("{FAE04EC0-301F-11D3-BF4B-00C04F79EFBC}") = "LR6_PP", "LR6_PP.csproj", "{72247464-F234-4ED8-9764-D3408D22EE6A}"
EndProject
Global
	GlobalSection(SolutionConfigurationPlatforms) = preSolution
		Debug|Any CPU = Debug|Any CPU
		Release|Any CPU = Release|Any CPU
	EndGlobalSection
	GlobalSection(ProjectConfigurationPlatforms) = postSolution
		{72247464-F234-4ED8-9764-D3408D22EE6A}.Debug|Any CPU.ActiveCfg = Debug|Any CPU
		{72247464-F234-4ED8-9764-D3408D22EE6A}.Debug|Any CPU.Build.0 = Debug|Any CPU
		{72247464-F234-4ED8-9764-D3408D22EE6A}.Release|Any CPU.ActiveCfg = Release|Any CPU
		{72247464-F234-4ED8-9764-D3408D22EE6A}.Release|Any CPU.Build.0 = Release|Any CPU
	EndGlobalSection
	GlobalSection(SolutionProperties) = preSolution
		HideSolutionNode = FALSE
	EndGlobalSection
	GlobalSection(ExtensibilityGlobals) = postSolution
		SolutionGuid = {5F319A42-BC4B-46BA-977B-F6595113ADB7}
	EndGlobalSection
EndGlobal
